Microsoft Visual Studio Solution File, Format Version 12.00
# Visual Studio Version 17
VisualStudioVersion = 17.5.2.0
MinimumVisualStudioVersion = 10.0.40219.1
Project("{FAE04EC0-301F-11D3-BF4B-00C04F79EFBC}") = "MyApiProject", "MyApiProject\MyApiProject.csproj", "{D8A6926D-67EA-60D7-9CEC-3E7312BECA06}"
EndProject
Project("{FAE04EC0-301F-11D3-BF4B-00C04F79EFBC}") = "Dependency injection", "Dependency injection\Dependency injection.csproj", "{0663B3C2-978B-47E7-81F1-4F6D4204D841}"
EndProject
Project("{FAE04EC0-301F-11D3-BF4B-00C04F79EFBC}") = "dependency-injection", "dependency-injection\dependency-injection.csproj", "{1DA332C7-9D23-414A-A584-24E91B38DC7E}"
EndProject
Global
	GlobalSection(SolutionConfigurationPlatforms) = preSolution
		Debug|Any CPU = Debug|Any CPU
		Release|Any CPU = Release|Any CPU
	EndGlobalSection
	GlobalSection(ProjectConfigurationPlatforms) = postSolution
		{D8A6926D-67EA-60D7-9CEC-3E7312BECA06}.Debug|Any CPU.ActiveCfg = Debug|Any CPU
		{D8A6926D-67EA-60D7-9CEC-3E7312BECA06}.Debug|Any CPU.Build.0 = Debug|Any CPU
		{D8A6926D-67EA-60D7-9CEC-3E7312BECA06}.Release|Any CPU.ActiveCfg = Release|Any CPU
		{D8A6926D-67EA-60D7-9CEC-3E7312BECA06}.Release|Any CPU.Build.0 = Release|Any CPU
		{0663B3C2-978B-47E7-81F1-4F6D4204D841}.Debug|Any CPU.ActiveCfg = Debug|Any CPU
		{0663B3C2-978B-47E7-81F1-4F6D4204D841}.Debug|Any CPU.Build.0 = Debug|Any CPU
		{0663B3C2-978B-47E7-81F1-4F6D4204D841}.Release|Any CPU.ActiveCfg = Release|Any CPU
		{0663B3C2-978B-47E7-81F1-4F6D4204D841}.Release|Any CPU.Build.0 = Release|Any CPU
		{1DA332C7-9D23-414A-A584-24E91B38DC7E}.Debug|Any CPU.ActiveCfg = Debug|Any CPU
		{1DA332C7-9D23-414A-A584-24E91B38DC7E}.Debug|Any CPU.Build.0 = Debug|Any CPU
		{1DA332C7-9D23-414A-A584-24E91B38DC7E}.Release|Any CPU.ActiveCfg = Release|Any CPU
		{1DA332C7-9D23-414A-A584-24E91B38DC7E}.Release|Any CPU.Build.0 = Release|Any CPU
	EndGlobalSection
	GlobalSection(SolutionProperties) = preSolution
		HideSolutionNode = FALSE
	EndGlobalSection
	GlobalSection(ExtensibilityGlobals) = postSolution
		SolutionGuid = {1A566DF5-3D05-4915-BE84-05375FA1AEA2}
	EndGlobalSection
EndGlobal
